
Microsoft Visual Studio Solution File, Format Version 12.00
# Visual Studio Version 16
VisualStudioVersion = 16.0.28803.202
MinimumVisualStudioVersion = 10.0.40219.1
Project("{9A19103F-16F7-4668-BE54-9A1E7A4F7556}") = "CassieAPI", "CassieAPI\CassieAPI.csproj", "{70C5ED78-1CA2-46FF-B589-87AC3C6DDF2F}"
EndProject
Project("{FAE04EC0-301F-11D3-BF4B-00C04F79EFBC}") = "CassieBooks", "CassieBooks\CassieBooks.csproj", "{D33E619B-E125-4F69-B0EB-94FC41536DCA}"
EndProject
Global
	GlobalSection(SolutionConfigurationPlatforms) = preSolution
		Debug|Any CPU = Debug|Any CPU
		Release|Any CPU = Release|Any CPU
	EndGlobalSection
	GlobalSection(ProjectConfigurationPlatforms) = postSolution
		{70C5ED78-1CA2-46FF-B589-87AC3C6DDF2F}.Debug|Any CPU.ActiveCfg = Debug|Any CPU
		{70C5ED78-1CA2-46FF-B589-87AC3C6DDF2F}.Debug|Any CPU.Build.0 = Debug|Any CPU
		{70C5ED78-1CA2-46FF-B589-87AC3C6DDF2F}.Release|Any CPU.ActiveCfg = Release|Any CPU
		{70C5ED78-1CA2-46FF-B589-87AC3C6DDF2F}.Release|Any CPU.Build.0 = Release|Any CPU
		{D33E619B-E125-4F69-B0EB-94FC41536DCA}.Debug|Any CPU.ActiveCfg = Debug|Any CPU
		{D33E619B-E125-4F69-B0EB-94FC41536DCA}.Debug|Any CPU.Build.0 = Debug|Any CPU
		{D33E619B-E125-4F69-B0EB-94FC41536DCA}.Release|Any CPU.ActiveCfg = Release|Any CPU
		{D33E619B-E125-4F69-B0EB-94FC41536DCA}.Release|Any CPU.Build.0 = Release|Any CPU
	EndGlobalSection
	GlobalSection(SolutionProperties) = preSolution
		HideSolutionNode = FALSE
	EndGlobalSection
	GlobalSection(ExtensibilityGlobals) = postSolution
		SolutionGuid = {CDDD4BC7-9D64-4E14-810F-FC1435545932}
	EndGlobalSection
EndGlobal
